
Microsoft Visual Studio Solution File, Format Version 12.00
# Visual Studio Version 17
VisualStudioVersion = 17.3.32922.545
MinimumVisualStudioVersion = 10.0.40219.1
Project("{FAE04EC0-301F-11D3-BF4B-00C04F79EFBC}") = "my-book1", "my-book1\my-book1.csproj", "{1F1CC3A0-587E-4CF3-8C0C-876CC0568F1E}"
EndProject
Global
	GlobalSection(SolutionConfigurationPlatforms) = preSolution
		Debug|Any CPU = Debug|Any CPU
		Release|Any CPU = Release|Any CPU
	EndGlobalSection
	GlobalSection(ProjectConfigurationPlatforms) = postSolution
		{1F1CC3A0-587E-4CF3-8C0C-876CC0568F1E}.Debug|Any CPU.ActiveCfg = Debug|Any CPU
		{1F1CC3A0-587E-4CF3-8C0C-876CC0568F1E}.Debug|Any CPU.Build.0 = Debug|Any CPU
		{1F1CC3A0-587E-4CF3-8C0C-876CC0568F1E}.Release|Any CPU.ActiveCfg = Release|Any CPU
		{1F1CC3A0-587E-4CF3-8C0C-876CC0568F1E}.Release|Any CPU.Build.0 = Release|Any CPU
	EndGlobalSection
	GlobalSection(SolutionProperties) = preSolution
		HideSolutionNode = FALSE
	EndGlobalSection
	GlobalSection(ExtensibilityGlobals) = postSolution
		SolutionGuid = {4AE568A0-B1D0-41DD-8923-DFBF2B24AB59}
	EndGlobalSection
EndGlobal
